
Microsoft Visual Studio Solution File, Format Version 12.00
# Visual Studio Version 17
VisualStudioVersion = 17.6.33712.159
MinimumVisualStudioVersion = 10.0.40219.1
Project("{2150E333-8FDC-42A3-9474-1A3956D46DE8}") = "0 - Presentation", "0 - Presentation", "{A9DB3285-F1F9-4F31-B0C2-A94228DDC87C}"
EndProject
Project("{2150E333-8FDC-42A3-9474-1A3956D46DE8}") = "1 - Service", "1 - Service", "{7F42B15F-4150-463B-BEF3-7B6853CA2B5C}"
EndProject
Project("{2150E333-8FDC-42A3-9474-1A3956D46DE8}") = "2 - Application", "2 - Application", "{28A463B5-60FC-4D19-9619-F14DFFDFD353}"
EndProject
Project("{2150E333-8FDC-42A3-9474-1A3956D46DE8}") = "3 - Domain", "3 - Domain", "{9F410DB0-DB00-461C-A635-24DCDAEBE9A2}"
EndProject
Project("{2150E333-8FDC-42A3-9474-1A3956D46DE8}") = "4 - Infra", "4 - Infra", "{3696E3D1-6949-4213-93EC-A0B30C2AAF2B}"
EndProject
Project("{2150E333-8FDC-42A3-9474-1A3956D46DE8}") = "4.1 - Data", "4.1 - Data", "{14836D92-01B3-45D8-99FB-EB2E2124D999}"
EndProject
Project("{2150E333-8FDC-42A3-9474-1A3956D46DE8}") = "4.2 - CrossCutting", "4.2 - CrossCutting", "{F670296F-22F1-4F56-9691-F6B08B94DD1B}"
EndProject
Project("{FAE04EC0-301F-11D3-BF4B-00C04F79EFBC}") = "MultiSeguroViagem.Service", "MultiSeguroViagem.Service\MultiSeguroViagem.Service.csproj", "{C2F233BF-3C03-4C8E-9584-CC9D668BAE5A}"
EndProject
Project("{FAE04EC0-301F-11D3-BF4B-00C04F79EFBC}") = "MultiSeguroViagem.Application", "MultiSeguroViagem.Application\MultiSeguroViagem.Application.csproj", "{C0DCAB3B-41AB-4798-A60E-3DCCBDEC2729}"
EndProject
Project("{FAE04EC0-301F-11D3-BF4B-00C04F79EFBC}") = "MultiSeguroViagem.Domain", "MultiSeguroViagem.Domain\MultiSeguroViagem.Domain.csproj", "{DE8AC5B0-1961-43C7-9856-B1B994E5B027}"
EndProject
Project("{FAE04EC0-301F-11D3-BF4B-00C04F79EFBC}") = "MultiSeguroViagem.Infra", "MultiSeguroViagem.Infra\MultiSeguroViagem.Infra.csproj", "{7BA10A7F-2EF8-40FD-9E49-709F35CF1781}"
EndProject
Project("{FAE04EC0-301F-11D3-BF4B-00C04F79EFBC}") = "MultiSeguroViagem.Common", "MultiSeguroViagem.Common\MultiSeguroViagem.Common.csproj", "{97238211-B550-4B6B-BA52-8C24FC4E2CD1}"
EndProject
Project("{FAE04EC0-301F-11D3-BF4B-00C04F79EFBC}") = "MultiSeguroViagem.IoC", "MultiSeguroViagem.IoC\MultiSeguroViagem.IoC.csproj", "{4F42A723-7958-4BAA-8926-1CEC99590AD1}"
EndProject
Project("{FAE04EC0-301F-11D3-BF4B-00C04F79EFBC}") = "MultiSeguroViagem.Site", "MultiSeguroViagem.Site\MultiSeguroViagem.Site.csproj", "{4F3BD50F-2A45-4B98-8668-06F29D990BE5}"
EndProject
Project("{FAE04EC0-301F-11D3-BF4B-00C04F79EFBC}") = "MultiSeguroViagem.ConciliacaoItauService", "MultiSeguroViagem.ConciliacaoItauService\MultiSeguroViagem.ConciliacaoItauService.csproj", "{72D0647C-BB27-4960-938C-6A204CFC028A}"
EndProject
Project("{54435603-DBB4-11D2-8724-00A0C9A8B90C}") = "MultiSeguroViagem.Setup", "MultiSeguroViagem.Setup\MultiSeguroViagem.Setup.vdproj", "{B9F29F89-27BA-4D3C-BA1E-C4478DD44E67}"
EndProject
Project("{2150E333-8FDC-42A3-9474-1A3956D46DE8}") = "5 - Test", "5 - Test", "{4E92C02F-20DF-4604-B356-FFA3A6CC8749}"
EndProject
Project("{2150E333-8FDC-42A3-9474-1A3956D46DE8}") = "Interface", "Interface", "{D4A5E1BC-EB5C-4533-B154-EFCC09DE413D}"
EndProject
Project("{FAE04EC0-301F-11D3-BF4B-00C04F79EFBC}") = "MultiSeguroViagem.Site.Tests", "MultiSeguroViagem.Site.Tests\MultiSeguroViagem.Site.Tests.csproj", "{175E4352-8818-47A3-84AB-421E08933295}"
EndProject
Project("{FAE04EC0-301F-11D3-BF4B-00C04F79EFBC}") = "MultiSeguroViagem.EmissaoVoucherService", "MultiSeguroViagem.EmissaoVoucherService\MultiSeguroViagem.EmissaoVoucherService.csproj", "{9E206D01-FBEF-485C-88CC-1F680E1F0F24}"
EndProject
Project("{54435603-DBB4-11D2-8724-00A0C9A8B90C}") = "MultiSeguroViagem.Voucher.Setup", "MultiSeguroViagem.Voucher.Setup\MultiSeguroViagem.Voucher.Setup.vdproj", "{9B99CED1-3928-48C1-B3FC-470EDDA68750}"
EndProject
Project("{FAE04EC0-301F-11D3-BF4B-00C04F79EFBC}") = "Itaucripto-NET", "Itaucripto-NET-master\Itaucripto-NET.csproj", "{147E28D7-0B89-48A5-B7F4-EFE0CC18A301}"
EndProject
Project("{FAE04EC0-301F-11D3-BF4B-00C04F79EFBC}") = "eRede.NetStandard", "eRede.NetStandard\eRede.NetStandard.csproj", "{30BCECE4-107B-4097-BBEA-3ACB69EC47BF}"
EndProject
Global
	GlobalSection(SolutionConfigurationPlatforms) = preSolution
		Debug|Any CPU = Debug|Any CPU
		Release|Any CPU = Release|Any CPU
	EndGlobalSection
	GlobalSection(ProjectConfigurationPlatforms) = postSolution
		{C2F233BF-3C03-4C8E-9584-CC9D668BAE5A}.Debug|Any CPU.ActiveCfg = Debug|Any CPU
		{C2F233BF-3C03-4C8E-9584-CC9D668BAE5A}.Debug|Any CPU.Build.0 = Debug|Any CPU
		{C2F233BF-3C03-4C8E-9584-CC9D668BAE5A}.Release|Any CPU.ActiveCfg = Release|Any CPU
		{C2F233BF-3C03-4C8E-9584-CC9D668BAE5A}.Release|Any CPU.Build.0 = Release|Any CPU
		{C0DCAB3B-41AB-4798-A60E-3DCCBDEC2729}.Debug|Any CPU.ActiveCfg = Debug|Any CPU
		{C0DCAB3B-41AB-4798-A60E-3DCCBDEC2729}.Debug|Any CPU.Build.0 = Debug|Any CPU
		{C0DCAB3B-41AB-4798-A60E-3DCCBDEC2729}.Release|Any CPU.ActiveCfg = Release|Any CPU
		{C0DCAB3B-41AB-4798-A60E-3DCCBDEC2729}.Release|Any CPU.Build.0 = Release|Any CPU
		{DE8AC5B0-1961-43C7-9856-B1B994E5B027}.Debug|Any CPU.ActiveCfg = Debug|Any CPU
		{DE8AC5B0-1961-43C7-9856-B1B994E5B027}.Debug|Any CPU.Build.0 = Debug|Any CPU
		{DE8AC5B0-1961-43C7-9856-B1B994E5B027}.Release|Any CPU.ActiveCfg = Release|Any CPU
		{DE8AC5B0-1961-43C7-9856-B1B994E5B027}.Release|Any CPU.Build.0 = Release|Any CPU
		{7BA10A7F-2EF8-40FD-9E49-709F35CF1781}.Debug|Any CPU.ActiveCfg = Debug|Any CPU
		{7BA10A7F-2EF8-40FD-9E49-709F35CF1781}.Debug|Any CPU.Build.0 = Debug|Any CPU
		{7BA10A7F-2EF8-40FD-9E49-709F35CF1781}.Release|Any CPU.ActiveCfg = Release|Any CPU
		{7BA10A7F-2EF8-40FD-9E49-709F35CF1781}.Release|Any CPU.Build.0 = Release|Any CPU
		{97238211-B550-4B6B-BA52-8C24FC4E2CD1}.Debug|Any CPU.ActiveCfg = Debug|Any CPU
		{97238211-B550-4B6B-BA52-8C24FC4E2CD1}.Debug|Any CPU.Build.0 = Debug|Any CPU
		{97238211-B550-4B6B-BA52-8C24FC4E2CD1}.Release|Any CPU.ActiveCfg = Release|Any CPU
		{97238211-B550-4B6B-BA52-8C24FC4E2CD1}.Release|Any CPU.Build.0 = Release|Any CPU
		{4F42A723-7958-4BAA-8926-1CEC99590AD1}.Debug|Any CPU.ActiveCfg = Debug|Any CPU
		{4F42A723-7958-4BAA-8926-1CEC99590AD1}.Debug|Any CPU.Build.0 = Debug|Any CPU
		{4F42A723-7958-4BAA-8926-1CEC99590AD1}.Release|Any CPU.ActiveCfg = Release|Any CPU
		{4F42A723-7958-4BAA-8926-1CEC99590AD1}.Release|Any CPU.Build.0 = Release|Any CPU
		{4F3BD50F-2A45-4B98-8668-06F29D990BE5}.Debug|Any CPU.ActiveCfg = Debug|Any CPU
		{4F3BD50F-2A45-4B98-8668-06F29D990BE5}.Debug|Any CPU.Build.0 = Debug|Any CPU
		{4F3BD50F-2A45-4B98-8668-06F29D990BE5}.Release|Any CPU.ActiveCfg = Release|Any CPU
		{4F3BD50F-2A45-4B98-8668-06F29D990BE5}.Release|Any CPU.Build.0 = Release|Any CPU
		{72D0647C-BB27-4960-938C-6A204CFC028A}.Debug|Any CPU.ActiveCfg = Debug|Any CPU
		{72D0647C-BB27-4960-938C-6A204CFC028A}.Debug|Any CPU.Build.0 = Debug|Any CPU
		{72D0647C-BB27-4960-938C-6A204CFC028A}.Release|Any CPU.ActiveCfg = Release|Any CPU
		{72D0647C-BB27-4960-938C-6A204CFC028A}.Release|Any CPU.Build.0 = Release|Any CPU
		{B9F29F89-27BA-4D3C-BA1E-C4478DD44E67}.Debug|Any CPU.ActiveCfg = Debug
		{B9F29F89-27BA-4D3C-BA1E-C4478DD44E67}.Debug|Any CPU.Build.0 = Debug
		{B9F29F89-27BA-4D3C-BA1E-C4478DD44E67}.Release|Any CPU.ActiveCfg = Release
		{175E4352-8818-47A3-84AB-421E08933295}.Debug|Any CPU.ActiveCfg = Debug|Any CPU
		{175E4352-8818-47A3-84AB-421E08933295}.Debug|Any CPU.Build.0 = Debug|Any CPU
		{175E4352-8818-47A3-84AB-421E08933295}.Release|Any CPU.ActiveCfg = Release|Any CPU
		{175E4352-8818-47A3-84AB-421E08933295}.Release|Any CPU.Build.0 = Release|Any CPU
		{9E206D01-FBEF-485C-88CC-1F680E1F0F24}.Debug|Any CPU.ActiveCfg = Debug|Any CPU
		{9E206D01-FBEF-485C-88CC-1F680E1F0F24}.Debug|Any CPU.Build.0 = Debug|Any CPU
		{9E206D01-FBEF-485C-88CC-1F680E1F0F24}.Release|Any CPU.ActiveCfg = Release|Any CPU
		{9E206D01-FBEF-485C-88CC-1F680E1F0F24}.Release|Any CPU.Build.0 = Release|Any CPU
		{9B99CED1-3928-48C1-B3FC-470EDDA68750}.Debug|Any CPU.ActiveCfg = Debug
		{9B99CED1-3928-48C1-B3FC-470EDDA68750}.Release|Any CPU.ActiveCfg = Release
		{147E28D7-0B89-48A5-B7F4-EFE0CC18A301}.Debug|Any CPU.ActiveCfg = Debug|Any CPU
		{147E28D7-0B89-48A5-B7F4-EFE0CC18A301}.Debug|Any CPU.Build.0 = Debug|Any CPU
		{147E28D7-0B89-48A5-B7F4-EFE0CC18A301}.Release|Any CPU.ActiveCfg = Release|Any CPU
		{147E28D7-0B89-48A5-B7F4-EFE0CC18A301}.Release|Any CPU.Build.0 = Release|Any CPU
		{30BCECE4-107B-4097-BBEA-3ACB69EC47BF}.Debug|Any CPU.ActiveCfg = Debug|Any CPU
		{30BCECE4-107B-4097-BBEA-3ACB69EC47BF}.Debug|Any CPU.Build.0 = Debug|Any CPU
		{30BCECE4-107B-4097-BBEA-3ACB69EC47BF}.Release|Any CPU.ActiveCfg = Release|Any CPU
		{30BCECE4-107B-4097-BBEA-3ACB69EC47BF}.Release|Any CPU.Build.0 = Release|Any CPU
	EndGlobalSection
	GlobalSection(SolutionProperties) = preSolution
		HideSolutionNode = FALSE
	EndGlobalSection
	GlobalSection(NestedProjects) = preSolution
		{14836D92-01B3-45D8-99FB-EB2E2124D999} = {3696E3D1-6949-4213-93EC-A0B30C2AAF2B}
		{F670296F-22F1-4F56-9691-F6B08B94DD1B} = {3696E3D1-6949-4213-93EC-A0B30C2AAF2B}
		{C2F233BF-3C03-4C8E-9584-CC9D668BAE5A} = {7F42B15F-4150-463B-BEF3-7B6853CA2B5C}
		{C0DCAB3B-41AB-4798-A60E-3DCCBDEC2729} = {28A463B5-60FC-4D19-9619-F14DFFDFD353}
		{DE8AC5B0-1961-43C7-9856-B1B994E5B027} = {9F410DB0-DB00-461C-A635-24DCDAEBE9A2}
		{7BA10A7F-2EF8-40FD-9E49-709F35CF1781} = {14836D92-01B3-45D8-99FB-EB2E2124D999}
		{97238211-B550-4B6B-BA52-8C24FC4E2CD1} = {F670296F-22F1-4F56-9691-F6B08B94DD1B}
		{4F42A723-7958-4BAA-8926-1CEC99590AD1} = {F670296F-22F1-4F56-9691-F6B08B94DD1B}
		{4F3BD50F-2A45-4B98-8668-06F29D990BE5} = {A9DB3285-F1F9-4F31-B0C2-A94228DDC87C}
		{72D0647C-BB27-4960-938C-6A204CFC028A} = {A9DB3285-F1F9-4F31-B0C2-A94228DDC87C}
		{B9F29F89-27BA-4D3C-BA1E-C4478DD44E67} = {A9DB3285-F1F9-4F31-B0C2-A94228DDC87C}
		{D4A5E1BC-EB5C-4533-B154-EFCC09DE413D} = {4E92C02F-20DF-4604-B356-FFA3A6CC8749}
		{175E4352-8818-47A3-84AB-421E08933295} = {D4A5E1BC-EB5C-4533-B154-EFCC09DE413D}
		{9E206D01-FBEF-485C-88CC-1F680E1F0F24} = {A9DB3285-F1F9-4F31-B0C2-A94228DDC87C}
		{9B99CED1-3928-48C1-B3FC-470EDDA68750} = {A9DB3285-F1F9-4F31-B0C2-A94228DDC87C}
		{147E28D7-0B89-48A5-B7F4-EFE0CC18A301} = {7F42B15F-4150-463B-BEF3-7B6853CA2B5C}
		{30BCECE4-107B-4097-BBEA-3ACB69EC47BF} = {7F42B15F-4150-463B-BEF3-7B6853CA2B5C}
	EndGlobalSection
	GlobalSection(ExtensibilityGlobals) = postSolution
		SolutionGuid = {CE2256DA-9CA9-4138-AFFC-B91A66703286}
	EndGlobalSection
EndGlobal
